Microsoft Visual Studio Solution File, Format Version 7.00
Project("{8BC9CEB8-8B4A-11D0-8D11-00A0C91BC942}") = "Flamethrower", "..\..\..\LIB Projects\Flamethrower\Flamethrower.vcproj", "{E26965CD-0D8A-43B4-9932-D9353C6639F9}"
EndProject
Project("{8BC9CEB8-8B4A-11D0-8D11-00A0C91BC942}") = "FuBi", "..\..\..\LIB Projects\FuBi\FuBi.vcproj", "{16EAD22E-B03E-4D42-AC0F-5502AF568427}"
EndProject
Project("{8BC9CEB8-8B4A-11D0-8D11-00A0C91BC942}") = "GPGSound", "..\..\..\Lib Projects\GPGSound\GPGSound.vcproj", "{3C060A50-F018-4B33-8257-A9729B77C12A}"
EndProject
Project("{8BC9CEB8-8B4A-11D0-8D11-00A0C91BC942}") = "GameGUI", "..\..\..\LIB Projects\GameGUI\GameGUI.vcproj", "{D85F481F-F6F8-49A0-9308-0819FD2D0DE9}"
EndProject
Project("{8BC9CEB8-8B4A-11D0-8D11-00A0C91BC942}") = "GpCore", "..\..\..\LIB Projects\GPCore\GPCore.vcproj", "{89696FC5-6D4C-4B4B-9D2D-98BFB6CF9CF6}"
EndProject
Project("{8BC9CEB8-8B4A-11D0-8D11-00A0C91BC942}") = "IME", "..\..\..\Lib Projects\ime\ime.vcproj", "{44C64C04-C66B-476F-8172-0860D685BB2F}"
EndProject
Project("{8BC9CEB8-8B4A-11D0-8D11-00A0C91BC942}") = "NeMa", "..\..\..\LIB PROJECTS\NEMA\NeMa.vcproj", "{95AB7D2B-1348-4F4C-9134-B061F16E7C74}"
EndProject
Project("{8BC9CEB8-8B4A-11D0-8D11-00A0C91BC942}") = "NetPipe", "..\..\..\LIB PROJECTS\NetPipe\NetPipe.vcproj", "{D0E7C88C-1584-4818-AACA-7343A3223991}"
EndProject
Project("{8BC9CEB8-8B4A-11D0-8D11-00A0C91BC942}") = "QMem", "..\..\..\LIB Projects\QMem\QMem.vcproj", "{48C5D114-2D6F-4EAD-8620-53F2E5550BA4}"
EndProject
Project("{8BC9CEB8-8B4A-11D0-8D11-00A0C91BC942}") = "Rapi", "..\..\..\LIB Projects\Rapi\Rapi.vcproj", "{FE67582E-B9F9-40C3-8927-B01BC838CBD8}"
EndProject
Project("{8BC9CEB8-8B4A-11D0-8D11-00A0C91BC942}") = "Siege", "..\..\..\LIB Projects\Siege\Siege.vcproj", "{F32C9AC6-4FA1-4E0F-9F87-5E9ED7B8C6C0}"
EndProject
Project("{8BC9CEB8-8B4A-11D0-8D11-00A0C91BC942}") = "Skrit", "..\..\..\LIB Projects\Skrit\Skrit.vcproj", "{D5343380-1E6A-4941-A1A6-D884DFF9D76D}"
EndProject
Project("{8BC9CEB8-8B4A-11D0-8D11-00A0C91BC942}") = "_Exe", "_Exe.vcproj", "{3705176D-8775-4E02-B755-FA34CFED13AA}"
EndProject
Project("{8BC9CEB8-8B4A-11D0-8D11-00A0C91BC942}") = "_Game", "..\Game\_Game.vcproj", "{1CD1E1EE-1E61-4837-9F5E-862960EC0A81}"
EndProject
Project("{8BC9CEB8-8B4A-11D0-8D11-00A0C91BC942}") = "_Services", "..\Services\_Services.vcproj", "{D274CAF0-6470-4320-8419-BDF1865E1B3C}"
EndProject
Project("{8BC9CEB8-8B4A-11D0-8D11-00A0C91BC942}") = "_World", "..\World\_World.vcproj", "{CD2AF409-0727-4277-B1F1-E524DF43E0FC}"
EndProject
Global
	GlobalSection(SourceCodeControl) = preSolution
		SccNumberOfProjects = 17
		SccProjectUniqueName0 = ..\\..\\..\\LIB\u0020Projects\\Flamethrower\\Flamethrower.vcproj
		SccProjectName0 = \u0022$/GPG/LIB\u0020Projects/Flamethrower\u0022,\u0020JSJAAAAA
		SccLocalPath0 = ..\\..\\..\\LIB\u0020Projects\\Flamethrower
		CanCheckoutShared = true
		SccProjectUniqueName1 = ..\\..\\..\\LIB\u0020Projects\\FuBi\\FuBi.vcproj
		SccProjectName1 = \u0022$/GPG/Lib\u0020Projects/FuBi\u0022,\u0020NJEBAAAA
		SccLocalPath1 = ..\\..\\..\\LIB\u0020Projects\\FuBi
		CanCheckoutShared = true
		SccProjectUniqueName2 = ..\\..\\..\\Lib\u0020Projects\\GPGSound\\GPGSound.vcproj
		SccProjectName2 = \u0022$/GPG/Lib\u0020Projects/GPGSound\u0022,\u0020PXGGAAAA
		SccLocalPath2 = ..\\..\\..\\Lib\u0020Projects\\GPGSound
		CanCheckoutShared = true
		SccProjectUniqueName3 = ..\\..\\..\\LIB\u0020Projects\\GameGUI\\GameGUI.vcproj
		SccProjectName3 = \u0022$/GPG/LIB\u0020Projects/GameGUI\u0022,\u0020ABTAAAAA
		SccLocalPath3 = ..\\..\\..\\LIB\u0020Projects\\GameGUI
		CanCheckoutShared = true
		SccProjectUniqueName4 = ..\\..\\..\\LIB\u0020Projects\\GPCore\\GPCore.vcproj
		SccProjectName4 = \u0022$/GPG/LIB\u0020Projects/GpCore\u0022,\u0020PTLAAAAA
		SccLocalPath4 = ..\\..\\..\\LIB\u0020Projects\\GPCore
		CanCheckoutShared = true
		SccProjectUniqueName5 = ..\\..\\..\\Lib\u0020Projects\\ime\\ime.vcproj
		SccProjectName5 = \u0022$/GPG/Lib\u0020Projects/ime\u0022,\u0020CRGGAAAA
		SccLocalPath5 = ..\\..\\..\\Lib\u0020Projects\\ime
		CanCheckoutShared = true
		SccProjectUniqueName6 = ..\\..\\..\\LIB\u0020PROJECTS\\NEMA\\NeMa.vcproj
		SccProjectName6 = \u0022$/GPG/LIB\u0020Projects/NeMa\u0022,\u0020ARSAAAAA
		SccLocalPath6 = ..\\..\\..\\LIB\u0020PROJECTS\\NEMA
		CanCheckoutShared = true
		SccProjectUniqueName7 = ..\\..\\..\\LIB\u0020PROJECTS\\NetPipe\\NetPipe.vcproj
		SccProjectName7 = \u0022$/GPG/LIB\u0020Projects/NetPipe\u0022,\u0020HGPFAAAA
		SccLocalPath7 = ..\\..\\..\\LIB\u0020PROJECTS\\NetPipe
		CanCheckoutShared = true
		SccProjectUniqueName8 = ..\\..\\..\\LIB\u0020Projects\\QMem\\QMem.vcproj
		SccProjectName8 = QMem
		SccLocalPath8 = ..\\..\\..\\LIB\u0020Projects\\QMem
		CanCheckoutShared = true
		SccProjectUniqueName9 = ..\\..\\..\\LIB\u0020Projects\\Rapi\\Rapi.vcproj
		SccProjectName9 = \u0022$/GPG/LIB\u0020Projects/Rapi\u0022,\u0020NKLAAAAA
		SccLocalPath9 = ..\\..\\..\\LIB\u0020Projects\\Rapi
		CanCheckoutShared = true
		SccProjectUniqueName10 = ..\\..\\..\\LIB\u0020Projects\\Siege\\Siege.vcproj
		SccProjectName10 = \u0022$/GPG/LIB\u0020Projects/Siege\u0022,\u0020NEZAAAAA
		SccLocalPath10 = ..\\..\\..\\LIB\u0020Projects\\Siege
		CanCheckoutShared = true
		SccProjectUniqueName11 = ..\\..\\..\\LIB\u0020Projects\\Skrit\\Skrit.vcproj
		SccProjectName11 = \u0022$/GPG/Lib\u0020Projects/Skrit\u0022,\u0020NJEBAAAA
		SccLocalPath11 = ..\\..\\..\\LIB\u0020Projects\\Skrit
		CanCheckoutShared = true
		SccProjectUniqueName12 = _Exe.vcproj
		SccLocalPath12 = .
		CanCheckoutShared = true
		SccProjectUniqueName13 = ..\\Game\\_Game.vcproj
		SccProjectName13 = \u0022$/GPG/Projects/Tattoo/Game\u0022,\u0020YOVAAAAA
		SccLocalPath13 = ..\\Game
		CanCheckoutShared = true
		SccProjectUniqueName14 = ..\\Services\\_Services.vcproj
		SccProjectName14 = \u0022$/GPG/Projects/Tattoo/Services\u0022,\u0020APVAAAAA
		SccLocalPath14 = ..\\Services
		CanCheckoutShared = true
		SccProjectUniqueName15 = ..\\World\\_World.vcproj
		SccProjectName15 = \u0022$/GPG/Projects/Tattoo/World\u0022,\u0020ZOVAAAAA
		SccLocalPath15 = ..\\World
		CanCheckoutShared = true
		SccProjectName16 = \u0022$/GPG/Projects/Tattoo/Exe\u0022,\u0020XOVAAAAA
		SccLocalPath16 = .
		SccProvider16 = MSSCCI:Perforce\u0020SCM
		CanCheckoutShared = true
		SolutionUniqueID = {A149B56F-3351-4493-A982-75E17358C7BE}
	EndGlobalSection
	GlobalSection(SolutionConfiguration) = preSolution
		ConfigName.0 = Debug
		ConfigName.1 = Profiling
		ConfigName.2 = Release
		ConfigName.3 = Retail
	EndGlobalSection
	GlobalSection(ProjectDependencies) = postSolution
		{3705176D-8775-4E02-B755-FA34CFED13AA}.0 = {48C5D114-2D6F-4EAD-8620-53F2E5550BA4}
		{3705176D-8775-4E02-B755-FA34CFED13AA}.1 = {3C060A50-F018-4B33-8257-A9729B77C12A}
		{3705176D-8775-4E02-B755-FA34CFED13AA}.2 = {44C64C04-C66B-476F-8172-0860D685BB2F}
		{3705176D-8775-4E02-B755-FA34CFED13AA}.3 = {CD2AF409-0727-4277-B1F1-E524DF43E0FC}
		{3705176D-8775-4E02-B755-FA34CFED13AA}.4 = {D274CAF0-6470-4320-8419-BDF1865E1B3C}
		{3705176D-8775-4E02-B755-FA34CFED13AA}.5 = {1CD1E1EE-1E61-4837-9F5E-862960EC0A81}
		{3705176D-8775-4E02-B755-FA34CFED13AA}.6 = {D0E7C88C-1584-4818-AACA-7343A3223991}
		{3705176D-8775-4E02-B755-FA34CFED13AA}.7 = {D85F481F-F6F8-49A0-9308-0819FD2D0DE9}
		{3705176D-8775-4E02-B755-FA34CFED13AA}.8 = {E26965CD-0D8A-43B4-9932-D9353C6639F9}
		{3705176D-8775-4E02-B755-FA34CFED13AA}.9 = {95AB7D2B-1348-4F4C-9134-B061F16E7C74}
		{3705176D-8775-4E02-B755-FA34CFED13AA}.10 = {F32C9AC6-4FA1-4E0F-9F87-5E9ED7B8C6C0}
		{3705176D-8775-4E02-B755-FA34CFED13AA}.11 = {FE67582E-B9F9-40C3-8927-B01BC838CBD8}
		{3705176D-8775-4E02-B755-FA34CFED13AA}.12 = {D5343380-1E6A-4941-A1A6-D884DFF9D76D}
		{3705176D-8775-4E02-B755-FA34CFED13AA}.13 = {16EAD22E-B03E-4D42-AC0F-5502AF568427}
		{3705176D-8775-4E02-B755-FA34CFED13AA}.14 = {89696FC5-6D4C-4B4B-9D2D-98BFB6CF9CF6}
	EndGlobalSection
	GlobalSection(ProjectConfiguration) = postSolution
		{E26965CD-0D8A-43B4-9932-D9353C6639F9}.Debug.ActiveCfg = Debug|Win32
		{E26965CD-0D8A-43B4-9932-D9353C6639F9}.Debug.Build.0 = Debug|Win32
		{E26965CD-0D8A-43B4-9932-D9353C6639F9}.Profiling.ActiveCfg = Profiling|Win32
		{E26965CD-0D8A-43B4-9932-D9353C6639F9}.Profiling.Build.0 = Profiling|Win32
		{E26965CD-0D8A-43B4-9932-D9353C6639F9}.Release.ActiveCfg = Release|Win32
		{E26965CD-0D8A-43B4-9932-D9353C6639F9}.Release.Build.0 = Release|Win32
		{E26965CD-0D8A-43B4-9932-D9353C6639F9}.Retail.ActiveCfg = Retail|Win32
		{E26965CD-0D8A-43B4-9932-D9353C6639F9}.Retail.Build.0 = Retail|Win32
		{16EAD22E-B03E-4D42-AC0F-5502AF568427}.Debug.ActiveCfg = Debug|Win32
		{16EAD22E-B03E-4D42-AC0F-5502AF568427}.Debug.Build.0 = Debug|Win32
		{16EAD22E-B03E-4D42-AC0F-5502AF568427}.Profiling.ActiveCfg = Profiling|Win32
		{16EAD22E-B03E-4D42-AC0F-5502AF568427}.Profiling.Build.0 = Profiling|Win32
		{16EAD22E-B03E-4D42-AC0F-5502AF568427}.Release.ActiveCfg = Release|Win32
		{16EAD22E-B03E-4D42-AC0F-5502AF568427}.Release.Build.0 = Release|Win32
		{16EAD22E-B03E-4D42-AC0F-5502AF568427}.Retail.ActiveCfg = Retail|Win32
		{16EAD22E-B03E-4D42-AC0F-5502AF568427}.Retail.Build.0 = Retail|Win32
		{3C060A50-F018-4B33-8257-A9729B77C12A}.Debug.ActiveCfg = Debug|Win32
		{3C060A50-F018-4B33-8257-A9729B77C12A}.Debug.Build.0 = Debug|Win32
		{3C060A50-F018-4B33-8257-A9729B77C12A}.Profiling.ActiveCfg = Profiling|Win32
		{3C060A50-F018-4B33-8257-A9729B77C12A}.Profiling.Build.0 = Profiling|Win32
		{3C060A50-F018-4B33-8257-A9729B77C12A}.Release.ActiveCfg = Release|Win32
		{3C060A50-F018-4B33-8257-A9729B77C12A}.Release.Build.0 = Release|Win32
		{3C060A50-F018-4B33-8257-A9729B77C12A}.Retail.ActiveCfg = Retail|Win32
		{3C060A50-F018-4B33-8257-A9729B77C12A}.Retail.Build.0 = Retail|Win32
		{D85F481F-F6F8-49A0-9308-0819FD2D0DE9}.Debug.ActiveCfg = Debug|Win32
		{D85F481F-F6F8-49A0-9308-0819FD2D0DE9}.Debug.Build.0 = Debug|Win32
		{D85F481F-F6F8-49A0-9308-0819FD2D0DE9}.Profiling.ActiveCfg = Profiling|Win32
		{D85F481F-F6F8-49A0-9308-0819FD2D0DE9}.Profiling.Build.0 = Profiling|Win32
		{D85F481F-F6F8-49A0-9308-0819FD2D0DE9}.Release.ActiveCfg = Release|Win32
		{D85F481F-F6F8-49A0-9308-0819FD2D0DE9}.Release.Build.0 = Release|Win32
		{D85F481F-F6F8-49A0-9308-0819FD2D0DE9}.Retail.ActiveCfg = Retail|Win32
		{D85F481F-F6F8-49A0-9308-0819FD2D0DE9}.Retail.Build.0 = Retail|Win32
		{89696FC5-6D4C-4B4B-9D2D-98BFB6CF9CF6}.Debug.ActiveCfg = Debug|Win32
		{89696FC5-6D4C-4B4B-9D2D-98BFB6CF9CF6}.Debug.Build.0 = Debug|Win32
		{89696FC5-6D4C-4B4B-9D2D-98BFB6CF9CF6}.Profiling.ActiveCfg = Profiling|Win32
		{89696FC5-6D4C-4B4B-9D2D-98BFB6CF9CF6}.Profiling.Build.0 = Profiling|Win32
		{89696FC5-6D4C-4B4B-9D2D-98BFB6CF9CF6}.Release.ActiveCfg = Release|Win32
		{89696FC5-6D4C-4B4B-9D2D-98BFB6CF9CF6}.Release.Build.0 = Release|Win32
		{89696FC5-6D4C-4B4B-9D2D-98BFB6CF9CF6}.Retail.ActiveCfg = Retail|Win32
		{89696FC5-6D4C-4B4B-9D2D-98BFB6CF9CF6}.Retail.Build.0 = Retail|Win32
		{44C64C04-C66B-476F-8172-0860D685BB2F}.Debug.ActiveCfg = Debug|Win32
		{44C64C04-C66B-476F-8172-0860D685BB2F}.Debug.Build.0 = Debug|Win32
		{44C64C04-C66B-476F-8172-0860D685BB2F}.Profiling.ActiveCfg = Profiling|Win32
		{44C64C04-C66B-476F-8172-0860D685BB2F}.Profiling.Build.0 = Profiling|Win32
		{44C64C04-C66B-476F-8172-0860D685BB2F}.Release.ActiveCfg = Release|Win32
		{44C64C04-C66B-476F-8172-0860D685BB2F}.Release.Build.0 = Release|Win32
		{44C64C04-C66B-476F-8172-0860D685BB2F}.Retail.ActiveCfg = Retail|Win32
		{44C64C04-C66B-476F-8172-0860D685BB2F}.Retail.Build.0 = Retail|Win32
		{95AB7D2B-1348-4F4C-9134-B061F16E7C74}.Debug.ActiveCfg = Debug|Win32
		{95AB7D2B-1348-4F4C-9134-B061F16E7C74}.Debug.Build.0 = Debug|Win32
		{95AB7D2B-1348-4F4C-9134-B061F16E7C74}.Profiling.ActiveCfg = Profiling|Win32
		{95AB7D2B-1348-4F4C-9134-B061F16E7C74}.Profiling.Build.0 = Profiling|Win32
		{95AB7D2B-1348-4F4C-9134-B061F16E7C74}.Release.ActiveCfg = Release|Win32
		{95AB7D2B-1348-4F4C-9134-B061F16E7C74}.Release.Build.0 = Release|Win32
		{95AB7D2B-1348-4F4C-9134-B061F16E7C74}.Retail.ActiveCfg = Retail|Win32
		{95AB7D2B-1348-4F4C-9134-B061F16E7C74}.Retail.Build.0 = Retail|Win32
		{D0E7C88C-1584-4818-AACA-7343A3223991}.Debug.ActiveCfg = Debug|Win32
		{D0E7C88C-1584-4818-AACA-7343A3223991}.Debug.Build.0 = Debug|Win32
		{D0E7C88C-1584-4818-AACA-7343A3223991}.Profiling.ActiveCfg = Profiling|Win32
		{D0E7C88C-1584-4818-AACA-7343A3223991}.Profiling.Build.0 = Profiling|Win32
		{D0E7C88C-1584-4818-AACA-7343A3223991}.Release.ActiveCfg = Release|Win32
		{D0E7C88C-1584-4818-AACA-7343A3223991}.Release.Build.0 = Release|Win32
		{D0E7C88C-1584-4818-AACA-7343A3223991}.Retail.ActiveCfg = Retail|Win32
		{D0E7C88C-1584-4818-AACA-7343A3223991}.Retail.Build.0 = Retail|Win32
		{48C5D114-2D6F-4EAD-8620-53F2E5550BA4}.Debug.ActiveCfg = Debug|Win32
		{48C5D114-2D6F-4EAD-8620-53F2E5550BA4}.Debug.Build.0 = Debug|Win32
		{48C5D114-2D6F-4EAD-8620-53F2E5550BA4}.Profiling.ActiveCfg = Profiling|Win32
		{48C5D114-2D6F-4EAD-8620-53F2E5550BA4}.Profiling.Build.0 = Profiling|Win32
		{48C5D114-2D6F-4EAD-8620-53F2E5550BA4}.Release.ActiveCfg = Release|Win32
		{48C5D114-2D6F-4EAD-8620-53F2E5550BA4}.Release.Build.0 = Release|Win32
		{48C5D114-2D6F-4EAD-8620-53F2E5550BA4}.Retail.ActiveCfg = Retail|Win32
		{48C5D114-2D6F-4EAD-8620-53F2E5550BA4}.Retail.Build.0 = Retail|Win32
		{FE67582E-B9F9-40C3-8927-B01BC838CBD8}.Debug.ActiveCfg = Debug|Win32
		{FE67582E-B9F9-40C3-8927-B01BC838CBD8}.Debug.Build.0 = Debug|Win32
		{FE67582E-B9F9-40C3-8927-B01BC838CBD8}.Profiling.ActiveCfg = Profiling|Win32
		{FE67582E-B9F9-40C3-8927-B01BC838CBD8}.Profiling.Build.0 = Profiling|Win32
		{FE67582E-B9F9-40C3-8927-B01BC838CBD8}.Release.ActiveCfg = Release|Win32
		{FE67582E-B9F9-40C3-8927-B01BC838CBD8}.Release.Build.0 = Release|Win32
		{FE67582E-B9F9-40C3-8927-B01BC838CBD8}.Retail.ActiveCfg = Retail|Win32
		{FE67582E-B9F9-40C3-8927-B01BC838CBD8}.Retail.Build.0 = Retail|Win32
		{F32C9AC6-4FA1-4E0F-9F87-5E9ED7B8C6C0}.Debug.ActiveCfg = Debug|Win32
		{F32C9AC6-4FA1-4E0F-9F87-5E9ED7B8C6C0}.Debug.Build.0 = Debug|Win32
		{F32C9AC6-4FA1-4E0F-9F87-5E9ED7B8C6C0}.Profiling.ActiveCfg = Profiling|Win32
		{F32C9AC6-4FA1-4E0F-9F87-5E9ED7B8C6C0}.Profiling.Build.0 = Profiling|Win32
		{F32C9AC6-4FA1-4E0F-9F87-5E9ED7B8C6C0}.Release.ActiveCfg = Release|Win32
		{F32C9AC6-4FA1-4E0F-9F87-5E9ED7B8C6C0}.Release.Build.0 = Release|Win32
		{F32C9AC6-4FA1-4E0F-9F87-5E9ED7B8C6C0}.Retail.ActiveCfg = Retail|Win32
		{F32C9AC6-4FA1-4E0F-9F87-5E9ED7B8C6C0}.Retail.Build.0 = Retail|Win32
		{D5343380-1E6A-4941-A1A6-D884DFF9D76D}.Debug.ActiveCfg = Debug|Win32
		{D5343380-1E6A-4941-A1A6-D884DFF9D76D}.Debug.Build.0 = Debug|Win32
		{D5343380-1E6A-4941-A1A6-D884DFF9D76D}.Profiling.ActiveCfg = Profiling|Win32
		{D5343380-1E6A-4941-A1A6-D884DFF9D76D}.Profiling.Build.0 = Profiling|Win32
		{D5343380-1E6A-4941-A1A6-D884DFF9D76D}.Release.ActiveCfg = Release|Win32
		{D5343380-1E6A-4941-A1A6-D884DFF9D76D}.Release.Build.0 = Release|Win32
		{D5343380-1E6A-4941-A1A6-D884DFF9D76D}.Retail.ActiveCfg = Retail|Win32
		{D5343380-1E6A-4941-A1A6-D884DFF9D76D}.Retail.Build.0 = Retail|Win32
		{3705176D-8775-4E02-B755-FA34CFED13AA}.Debug.ActiveCfg = Debug|Win32
		{3705176D-8775-4E02-B755-FA34CFED13AA}.Debug.Build.0 = Debug|Win32
		{3705176D-8775-4E02-B755-FA34CFED13AA}.Profiling.ActiveCfg = Profiling|Win32
		{3705176D-8775-4E02-B755-FA34CFED13AA}.Profiling.Build.0 = Profiling|Win32
		{3705176D-8775-4E02-B755-FA34CFED13AA}.Release.ActiveCfg = Release|Win32
		{3705176D-8775-4E02-B755-FA34CFED13AA}.Release.Build.0 = Release|Win32
		{3705176D-8775-4E02-B755-FA34CFED13AA}.Retail.ActiveCfg = Retail|Win32
		{3705176D-8775-4E02-B755-FA34CFED13AA}.Retail.Build.0 = Retail|Win32
		{1CD1E1EE-1E61-4837-9F5E-862960EC0A81}.Debug.ActiveCfg = Debug|Win32
		{1CD1E1EE-1E61-4837-9F5E-862960EC0A81}.Debug.Build.0 = Debug|Win32
		{1CD1E1EE-1E61-4837-9F5E-862960EC0A81}.Profiling.ActiveCfg = Profiling|Win32
		{1CD1E1EE-1E61-4837-9F5E-862960EC0A81}.Profiling.Build.0 = Profiling|Win32
		{1CD1E1EE-1E61-4837-9F5E-862960EC0A81}.Release.ActiveCfg = Release|Win32
		{1CD1E1EE-1E61-4837-9F5E-862960EC0A81}.Release.Build.0 = Release|Win32
		{1CD1E1EE-1E61-4837-9F5E-862960EC0A81}.Retail.ActiveCfg = Retail|Win32
		{1CD1E1EE-1E61-4837-9F5E-862960EC0A81}.Retail.Build.0 = Retail|Win32
		{D274CAF0-6470-4320-8419-BDF1865E1B3C}.Debug.ActiveCfg = Debug|Win32
		{D274CAF0-6470-4320-8419-BDF1865E1B3C}.Debug.Build.0 = Debug|Win32
		{D274CAF0-6470-4320-8419-BDF1865E1B3C}.Profiling.ActiveCfg = Profiling|Win32
		{D274CAF0-6470-4320-8419-BDF1865E1B3C}.Profiling.Build.0 = Profiling|Win32
		{D274CAF0-6470-4320-8419-BDF1865E1B3C}.Release.ActiveCfg = Release|Win32
		{D274CAF0-6470-4320-8419-BDF1865E1B3C}.Release.Build.0 = Release|Win32
		{D274CAF0-6470-4320-8419-BDF1865E1B3C}.Retail.ActiveCfg = Retail|Win32
		{D274CAF0-6470-4320-8419-BDF1865E1B3C}.Retail.Build.0 = Retail|Win32
		{CD2AF409-0727-4277-B1F1-E524DF43E0FC}.Debug.ActiveCfg = Debug|Win32
		{CD2AF409-0727-4277-B1F1-E524DF43E0FC}.Debug.Build.0 = Debug|Win32
		{CD2AF409-0727-4277-B1F1-E524DF43E0FC}.Profiling.ActiveCfg = Profiling|Win32
		{CD2AF409-0727-4277-B1F1-E524DF43E0FC}.Profiling.Build.0 = Profiling|Win32
		{CD2AF409-0727-4277-B1F1-E524DF43E0FC}.Release.ActiveCfg = Release|Win32
		{CD2AF409-0727-4277-B1F1-E524DF43E0FC}.Release.Build.0 = Release|Win32
		{CD2AF409-0727-4277-B1F1-E524DF43E0FC}.Retail.ActiveCfg = Retail|Win32
		{CD2AF409-0727-4277-B1F1-E524DF43E0FC}.Retail.Build.0 = Retail|Win32
	EndGlobalSection
	GlobalSection(ExtensibilityGlobals) = postSolution
	EndGlobalSection
	GlobalSection(ExtensibilityAddIns) = postSolution
	EndGlobalSection
EndGlobal
