Microsoft Visual Studio Solution File, Format Version 7.00
Project("{8BC9CEB8-8B4A-11D0-8D11-00A0C91BC942}") = "FuBi", "..\..\LIB Projects\FuBi\FuBi.vcproj", "{09BDCB83-4E5D-4558-A9AA-421D418D6D97}"
EndProject
Project("{8BC9CEB8-8B4A-11D0-8D11-00A0C91BC942}") = "GpCore", "..\..\LIB Projects\GPCore\GPCore.vcproj", "{9C98B5B1-BE37-4CEB-A57F-256AA30B1ECA}"
EndProject
Project("{8BC9CEB8-8B4A-11D0-8D11-00A0C91BC942}") = "GpLzo", "GpLzo\GpLzo.vcproj", "{5605D196-0B6E-4ACD-A1B0-F9652ED8C02C}"
EndProject
Project("{8BC9CEB8-8B4A-11D0-8D11-00A0C91BC942}") = "Rapi", "..\..\LIB Projects\Rapi\Rapi.vcproj", "{B6BA24F9-BE47-4008-89FE-BD197FFF9AF5}"
EndProject
Project("{8BC9CEB8-8B4A-11D0-8D11-00A0C91BC942}") = "TankBuilder", "TankBuilder.vcproj", "{68E3FEAA-5D66-4AFF-8AAF-3786CDFEACBA}"
EndProject
Global
	GlobalSection(SourceCodeControl) = preSolution
		SccNumberOfProjects = 6
		SccProjectUniqueName0 = ..\\..\\LIB\u0020Projects\\FuBi\\FuBi.vcproj
		SccProjectName0 = \u0022$/GPG/Lib\u0020Projects/FuBi\u0022,\u0020NJEBAAAA
		SccLocalPath0 = ..\\..\\LIB\u0020Projects\\FuBi
		CanCheckoutShared = true
		SccProjectUniqueName1 = ..\\..\\LIB\u0020Projects\\GPCore\\GPCore.vcproj
		SccProjectName1 = \u0022$/GPG/LIB\u0020Projects/GpCore\u0022,\u0020PTLAAAAA
		SccLocalPath1 = ..\\..\\LIB\u0020Projects\\GPCore
		CanCheckoutShared = true
		SccProjectUniqueName2 = GpLzo\\GpLzo.vcproj
		SccProjectName2 = \u0022$/GPG/Projects/TankBuilder/GpLzo\u0022,\u0020RQHGAAAA
		SccLocalPath2 = GpLzo
		CanCheckoutShared = true
		SccProjectUniqueName3 = ..\\..\\LIB\u0020Projects\\Rapi\\Rapi.vcproj
		SccProjectName3 = \u0022$/GPG/LIB\u0020Projects/Rapi\u0022,\u0020NKLAAAAA
		SccLocalPath3 = ..\\..\\LIB\u0020Projects\\Rapi
		CanCheckoutShared = true
		SccProjectUniqueName4 = TankBuilder.vcproj
		SccLocalPath4 = .
		CanCheckoutShared = true
		SccProjectName5 = \u0022$/GPG/Projects/TankBuilder\u0022,\u0020QUIFAAAA
		SccLocalPath5 = .
		SccProvider5 = MSSCCI:Perforce\u0020SCM
		CanCheckoutShared = true
		SolutionUniqueID = {0A18A124-CF82-4ED5-B9EE-E4EE829789B3}
	EndGlobalSection
	GlobalSection(SolutionConfiguration) = preSolution
		ConfigName.0 = Debug
		ConfigName.1 = Profiling
		ConfigName.2 = Release
		ConfigName.3 = Retail
	EndGlobalSection
	GlobalSection(ProjectDependencies) = postSolution
		{68E3FEAA-5D66-4AFF-8AAF-3786CDFEACBA}.0 = {B6BA24F9-BE47-4008-89FE-BD197FFF9AF5}
		{68E3FEAA-5D66-4AFF-8AAF-3786CDFEACBA}.1 = {5605D196-0B6E-4ACD-A1B0-F9652ED8C02C}
		{68E3FEAA-5D66-4AFF-8AAF-3786CDFEACBA}.2 = {09BDCB83-4E5D-4558-A9AA-421D418D6D97}
		{68E3FEAA-5D66-4AFF-8AAF-3786CDFEACBA}.3 = {9C98B5B1-BE37-4CEB-A57F-256AA30B1ECA}
	EndGlobalSection
	GlobalSection(ProjectConfiguration) = postSolution
		{09BDCB83-4E5D-4558-A9AA-421D418D6D97}.Debug.ActiveCfg = Debug|Win32
		{09BDCB83-4E5D-4558-A9AA-421D418D6D97}.Debug.Build.0 = Debug|Win32
		{09BDCB83-4E5D-4558-A9AA-421D418D6D97}.Profiling.ActiveCfg = Profiling|Win32
		{09BDCB83-4E5D-4558-A9AA-421D418D6D97}.Profiling.Build.0 = Profiling|Win32
		{09BDCB83-4E5D-4558-A9AA-421D418D6D97}.Release.ActiveCfg = Release|Win32
		{09BDCB83-4E5D-4558-A9AA-421D418D6D97}.Release.Build.0 = Release|Win32
		{09BDCB83-4E5D-4558-A9AA-421D418D6D97}.Retail.ActiveCfg = Retail|Win32
		{09BDCB83-4E5D-4558-A9AA-421D418D6D97}.Retail.Build.0 = Retail|Win32
		{9C98B5B1-BE37-4CEB-A57F-256AA30B1ECA}.Debug.ActiveCfg = Debug|Win32
		{9C98B5B1-BE37-4CEB-A57F-256AA30B1ECA}.Debug.Build.0 = Debug|Win32
		{9C98B5B1-BE37-4CEB-A57F-256AA30B1ECA}.Profiling.ActiveCfg = Profiling|Win32
		{9C98B5B1-BE37-4CEB-A57F-256AA30B1ECA}.Profiling.Build.0 = Profiling|Win32
		{9C98B5B1-BE37-4CEB-A57F-256AA30B1ECA}.Release.ActiveCfg = Release|Win32
		{9C98B5B1-BE37-4CEB-A57F-256AA30B1ECA}.Release.Build.0 = Release|Win32
		{9C98B5B1-BE37-4CEB-A57F-256AA30B1ECA}.Retail.ActiveCfg = Retail|Win32
		{9C98B5B1-BE37-4CEB-A57F-256AA30B1ECA}.Retail.Build.0 = Retail|Win32
		{5605D196-0B6E-4ACD-A1B0-F9652ED8C02C}.Debug.ActiveCfg = Debug|Win32
		{5605D196-0B6E-4ACD-A1B0-F9652ED8C02C}.Debug.Build.0 = Debug|Win32
		{5605D196-0B6E-4ACD-A1B0-F9652ED8C02C}.Profiling.ActiveCfg = Debug|Win32
		{5605D196-0B6E-4ACD-A1B0-F9652ED8C02C}.Profiling.Build.0 = Debug|Win32
		{5605D196-0B6E-4ACD-A1B0-F9652ED8C02C}.Release.ActiveCfg = Release|Win32
		{5605D196-0B6E-4ACD-A1B0-F9652ED8C02C}.Release.Build.0 = Release|Win32
		{5605D196-0B6E-4ACD-A1B0-F9652ED8C02C}.Retail.ActiveCfg = Release|Win32
		{5605D196-0B6E-4ACD-A1B0-F9652ED8C02C}.Retail.Build.0 = Release|Win32
		{B6BA24F9-BE47-4008-89FE-BD197FFF9AF5}.Debug.ActiveCfg = Debug|Win32
		{B6BA24F9-BE47-4008-89FE-BD197FFF9AF5}.Debug.Build.0 = Debug|Win32
		{B6BA24F9-BE47-4008-89FE-BD197FFF9AF5}.Profiling.ActiveCfg = Profiling|Win32
		{B6BA24F9-BE47-4008-89FE-BD197FFF9AF5}.Profiling.Build.0 = Profiling|Win32
		{B6BA24F9-BE47-4008-89FE-BD197FFF9AF5}.Release.ActiveCfg = Release|Win32
		{B6BA24F9-BE47-4008-89FE-BD197FFF9AF5}.Release.Build.0 = Release|Win32
		{B6BA24F9-BE47-4008-89FE-BD197FFF9AF5}.Retail.ActiveCfg = Retail|Win32
		{B6BA24F9-BE47-4008-89FE-BD197FFF9AF5}.Retail.Build.0 = Retail|Win32
		{68E3FEAA-5D66-4AFF-8AAF-3786CDFEACBA}.Debug.ActiveCfg = Debug|Win32
		{68E3FEAA-5D66-4AFF-8AAF-3786CDFEACBA}.Debug.Build.0 = Debug|Win32
		{68E3FEAA-5D66-4AFF-8AAF-3786CDFEACBA}.Profiling.ActiveCfg = Debug|Win32
		{68E3FEAA-5D66-4AFF-8AAF-3786CDFEACBA}.Profiling.Build.0 = Debug|Win32
		{68E3FEAA-5D66-4AFF-8AAF-3786CDFEACBA}.Release.ActiveCfg = Release|Win32
		{68E3FEAA-5D66-4AFF-8AAF-3786CDFEACBA}.Release.Build.0 = Release|Win32
		{68E3FEAA-5D66-4AFF-8AAF-3786CDFEACBA}.Retail.ActiveCfg = Release|Win32
		{68E3FEAA-5D66-4AFF-8AAF-3786CDFEACBA}.Retail.Build.0 = Release|Win32
	EndGlobalSection
	GlobalSection(ExtensibilityGlobals) = postSolution
	EndGlobalSection
	GlobalSection(ExtensibilityAddIns) = postSolution
	EndGlobalSection
EndGlobal
