Microsoft Visual Studio Solution File, Format Version 7.00
Project("{8BC9CEB8-8B4A-11D0-8D11-00A0C91BC942}") = "FuBi", "..\..\LIB Projects\FuBi\FuBi.vcproj", "{A6649B7F-5BD7-4B42-BEB2-F26F8120213A}"
EndProject
Project("{8BC9CEB8-8B4A-11D0-8D11-00A0C91BC942}") = "FuBiPacker", "FuBiPacker.vcproj", "{1E238039-A8BA-4337-8335-8ED95A7371A4}"
EndProject
Project("{8BC9CEB8-8B4A-11D0-8D11-00A0C91BC942}") = "GpCore", "..\..\LIB Projects\GPCore\GPCore.vcproj", "{D5951A5E-FF98-48A4-BC98-67E759F69B0D}"
EndProject
Global
	GlobalSection(SourceCodeControl) = preSolution
		SccNumberOfProjects = 3
		SccProjectUniqueName0 = ..\\..\\LIB\u0020Projects\\FuBi\\FuBi.vcproj
		SccProjectName0 = \u0022$/GPG/Lib\u0020Projects/FuBi\u0022,\u0020NJEBAAAA
		SccLocalPath0 = ..\\..\\LIB\u0020Projects\\FuBi
		SccProvider0 = MSSCCI:Perforce\u0020SCM
		CanCheckoutShared = true
		SccProjectUniqueName1 = FuBiPacker.vcproj
		SccProjectName1 = FuBiPacker
		SccLocalPath1 = .
		SccProvider1 = MSSCCI:Perforce\u0020SCM
		CanCheckoutShared = true
		SccProjectUniqueName2 = ..\\..\\LIB\u0020Projects\\GPCore\\GPCore.vcproj
		SccProjectName2 = \u0022$/GPG/LIB\u0020Projects/GpCore\u0022,\u0020PTLAAAAA
		SccLocalPath2 = ..\\..\\LIB\u0020Projects\\GPCore
		SccProvider2 = MSSCCI:Perforce\u0020SCM
		CanCheckoutShared = true
	EndGlobalSection
	GlobalSection(SolutionConfiguration) = preSolution
		ConfigName.0 = Debug
		ConfigName.1 = Profiling
		ConfigName.2 = Release
		ConfigName.3 = Retail
	EndGlobalSection
	GlobalSection(ProjectDependencies) = postSolution
		{1E238039-A8BA-4337-8335-8ED95A7371A4}.0 = {A6649B7F-5BD7-4B42-BEB2-F26F8120213A}
		{1E238039-A8BA-4337-8335-8ED95A7371A4}.1 = {D5951A5E-FF98-48A4-BC98-67E759F69B0D}
	EndGlobalSection
	GlobalSection(ProjectConfiguration) = postSolution
		{A6649B7F-5BD7-4B42-BEB2-F26F8120213A}.Debug.ActiveCfg = Debug|Win32
		{A6649B7F-5BD7-4B42-BEB2-F26F8120213A}.Debug.Build.0 = Debug|Win32
		{A6649B7F-5BD7-4B42-BEB2-F26F8120213A}.Profiling.ActiveCfg = Profiling|Win32
		{A6649B7F-5BD7-4B42-BEB2-F26F8120213A}.Profiling.Build.0 = Profiling|Win32
		{A6649B7F-5BD7-4B42-BEB2-F26F8120213A}.Release.ActiveCfg = Release|Win32
		{A6649B7F-5BD7-4B42-BEB2-F26F8120213A}.Release.Build.0 = Release|Win32
		{A6649B7F-5BD7-4B42-BEB2-F26F8120213A}.Retail.ActiveCfg = Retail|Win32
		{A6649B7F-5BD7-4B42-BEB2-F26F8120213A}.Retail.Build.0 = Retail|Win32
		{1E238039-A8BA-4337-8335-8ED95A7371A4}.Debug.ActiveCfg = Debug|Win32
		{1E238039-A8BA-4337-8335-8ED95A7371A4}.Debug.Build.0 = Debug|Win32
		{1E238039-A8BA-4337-8335-8ED95A7371A4}.Profiling.ActiveCfg = Release|Win32
		{1E238039-A8BA-4337-8335-8ED95A7371A4}.Profiling.Build.0 = Release|Win32
		{1E238039-A8BA-4337-8335-8ED95A7371A4}.Release.ActiveCfg = Release|Win32
		{1E238039-A8BA-4337-8335-8ED95A7371A4}.Release.Build.0 = Release|Win32
		{1E238039-A8BA-4337-8335-8ED95A7371A4}.Retail.ActiveCfg = Release|Win32
		{1E238039-A8BA-4337-8335-8ED95A7371A4}.Retail.Build.0 = Release|Win32
		{D5951A5E-FF98-48A4-BC98-67E759F69B0D}.Debug.ActiveCfg = Debug|Win32
		{D5951A5E-FF98-48A4-BC98-67E759F69B0D}.Debug.Build.0 = Debug|Win32
		{D5951A5E-FF98-48A4-BC98-67E759F69B0D}.Profiling.ActiveCfg = Profiling|Win32
		{D5951A5E-FF98-48A4-BC98-67E759F69B0D}.Profiling.Build.0 = Profiling|Win32
		{D5951A5E-FF98-48A4-BC98-67E759F69B0D}.Release.ActiveCfg = Release|Win32
		{D5951A5E-FF98-48A4-BC98-67E759F69B0D}.Release.Build.0 = Release|Win32
		{D5951A5E-FF98-48A4-BC98-67E759F69B0D}.Retail.ActiveCfg = Retail|Win32
		{D5951A5E-FF98-48A4-BC98-67E759F69B0D}.Retail.Build.0 = Retail|Win32
	EndGlobalSection
	GlobalSection(ExtensibilityGlobals) = postSolution
	EndGlobalSection
	GlobalSection(ExtensibilityAddIns) = postSolution
	EndGlobalSection
EndGlobal
